
Microsoft Visual Studio Solution File, Format Version 12.00
# Visual Studio Version 16
VisualStudioVersion = 16.0.28803.156
MinimumVisualStudioVersion = 10.0.40219.1
Project("{FAE04EC0-301F-11D3-BF4B-00C04F79EFBC}") = "SemanticVersionUpdater", "src\SemanticVersionUpdater\SemanticVersionUpdater.csproj", "{FDB4A9A5-CFD9-4050-9660-23F7ADE930EA}"
EndProject
Project("{FAE04EC0-301F-11D3-BF4B-00C04F79EFBC}") = "SemanticVersioning.Acceptance", "test\SemanticVersioning.Acceptance\SemanticVersioning.Acceptance.csproj", "{C4273BFF-FE25-43EB-9E59-ECF2D001E392}"
EndProject
Project("{FAE04EC0-301F-11D3-BF4B-00C04F79EFBC}") = "SemanticVersioning.Target.Acceptance", "test\SemanticVersioning.Target.Acceptance\SemanticVersioning.Target.Acceptance.csproj", "{6F37BC72-AD76-4B0C-8D2E-04F9CBDE7804}"
EndProject
Project("{FAE04EC0-301F-11D3-BF4B-00C04F79EFBC}") = "SemanticVersioning.Tests", "test\SemanticVersioning.Tests\SemanticVersioning.Tests.csproj", "{DDFF5D84-601D-4DA2-BF93-486B3F871A2A}"
EndProject
Project("{F5034706-568F-408A-B7B3-4D38C6DB8A32}") = "SemanticVersioning.Module", "src\SemanticVersioning.Module\SemanticVersioning.Module.pssproj", "{6CAFC0C6-A428-4D30-A9F9-700E829FEA51}"
EndProject
Project("{9A19103F-16F7-4668-BE54-9A1E7A4F7556}") = "SemanticVersioning.Core", "src\SemanticVersioning.Core\SemanticVersioning.Core.csproj", "{C2508130-7ACD-49FA-8A4B-B8F0C08A2C94}"
EndProject
Project("{2150E333-8FDC-42A3-9474-1A3956D46DE8}") = "Solution Items", "Solution Items", "{249DD45F-4885-458D-8E18-4F8D35042DF1}"
	ProjectSection(SolutionItems) = preProject
		Directory.Build.props = Directory.Build.props
		Directory.Build.targets = Directory.Build.targets
	EndProjectSection
EndProject
Project("{FAE04EC0-301F-11D3-BF4B-00C04F79EFBC}") = "VersionUpdater.MsBuild.Tasks", "src\VersionUpdater.MsBuild.Tasks\VersionUpdater.MsBuild.Tasks.csproj", "{BE5914FE-640F-4876-BB3D-6429262ACACF}"
EndProject
Global
	GlobalSection(SolutionConfigurationPlatforms) = preSolution
		Debug|Any CPU = Debug|Any CPU
		Local|Any CPU = Local|Any CPU
		Release|Any CPU = Release|Any CPU
	EndGlobalSection
	GlobalSection(ProjectConfigurationPlatforms) = postSolution
		{FDB4A9A5-CFD9-4050-9660-23F7ADE930EA}.Debug|Any CPU.ActiveCfg = Debug|Any CPU
		{FDB4A9A5-CFD9-4050-9660-23F7ADE930EA}.Debug|Any CPU.Build.0 = Debug|Any CPU
		{FDB4A9A5-CFD9-4050-9660-23F7ADE930EA}.Local|Any CPU.ActiveCfg = Debug|Any CPU
		{FDB4A9A5-CFD9-4050-9660-23F7ADE930EA}.Local|Any CPU.Build.0 = Debug|Any CPU
		{FDB4A9A5-CFD9-4050-9660-23F7ADE930EA}.Release|Any CPU.ActiveCfg = Release|Any CPU
		{FDB4A9A5-CFD9-4050-9660-23F7ADE930EA}.Release|Any CPU.Build.0 = Release|Any CPU
		{C4273BFF-FE25-43EB-9E59-ECF2D001E392}.Debug|Any CPU.ActiveCfg = Debug|Any CPU
		{C4273BFF-FE25-43EB-9E59-ECF2D001E392}.Debug|Any CPU.Build.0 = Debug|Any CPU
		{C4273BFF-FE25-43EB-9E59-ECF2D001E392}.Local|Any CPU.ActiveCfg = Debug|Any CPU
		{C4273BFF-FE25-43EB-9E59-ECF2D001E392}.Local|Any CPU.Build.0 = Debug|Any CPU
		{C4273BFF-FE25-43EB-9E59-ECF2D001E392}.Release|Any CPU.ActiveCfg = Release|Any CPU
		{C4273BFF-FE25-43EB-9E59-ECF2D001E392}.Release|Any CPU.Build.0 = Release|Any CPU
		{6F37BC72-AD76-4B0C-8D2E-04F9CBDE7804}.Debug|Any CPU.ActiveCfg = Debug|Any CPU
		{6F37BC72-AD76-4B0C-8D2E-04F9CBDE7804}.Debug|Any CPU.Build.0 = Debug|Any CPU
		{6F37BC72-AD76-4B0C-8D2E-04F9CBDE7804}.Local|Any CPU.ActiveCfg = Debug|Any CPU
		{6F37BC72-AD76-4B0C-8D2E-04F9CBDE7804}.Local|Any CPU.Build.0 = Debug|Any CPU
		{6F37BC72-AD76-4B0C-8D2E-04F9CBDE7804}.Release|Any CPU.ActiveCfg = Release|Any CPU
		{6F37BC72-AD76-4B0C-8D2E-04F9CBDE7804}.Release|Any CPU.Build.0 = Release|Any CPU
		{DDFF5D84-601D-4DA2-BF93-486B3F871A2A}.Debug|Any CPU.ActiveCfg = Debug|Any CPU
		{DDFF5D84-601D-4DA2-BF93-486B3F871A2A}.Debug|Any CPU.Build.0 = Debug|Any CPU
		{DDFF5D84-601D-4DA2-BF93-486B3F871A2A}.Local|Any CPU.ActiveCfg = Debug|Any CPU
		{DDFF5D84-601D-4DA2-BF93-486B3F871A2A}.Local|Any CPU.Build.0 = Debug|Any CPU
		{DDFF5D84-601D-4DA2-BF93-486B3F871A2A}.Release|Any CPU.ActiveCfg = Release|Any CPU
		{DDFF5D84-601D-4DA2-BF93-486B3F871A2A}.Release|Any CPU.Build.0 = Release|Any CPU
		{6CAFC0C6-A428-4D30-A9F9-700E829FEA51}.Debug|Any CPU.ActiveCfg = Debug|Any CPU
		{6CAFC0C6-A428-4D30-A9F9-700E829FEA51}.Debug|Any CPU.Build.0 = Debug|Any CPU
		{6CAFC0C6-A428-4D30-A9F9-700E829FEA51}.Local|Any CPU.ActiveCfg = Release|Any CPU
		{6CAFC0C6-A428-4D30-A9F9-700E829FEA51}.Release|Any CPU.ActiveCfg = Release|Any CPU
		{6CAFC0C6-A428-4D30-A9F9-700E829FEA51}.Release|Any CPU.Build.0 = Release|Any CPU
		{C2508130-7ACD-49FA-8A4B-B8F0C08A2C94}.Debug|Any CPU.ActiveCfg = Debug|Any CPU
		{C2508130-7ACD-49FA-8A4B-B8F0C08A2C94}.Debug|Any CPU.Build.0 = Debug|Any CPU
		{C2508130-7ACD-49FA-8A4B-B8F0C08A2C94}.Local|Any CPU.ActiveCfg = Debug|Any CPU
		{C2508130-7ACD-49FA-8A4B-B8F0C08A2C94}.Local|Any CPU.Build.0 = Debug|Any CPU
		{C2508130-7ACD-49FA-8A4B-B8F0C08A2C94}.Release|Any CPU.ActiveCfg = Release|Any CPU
		{C2508130-7ACD-49FA-8A4B-B8F0C08A2C94}.Release|Any CPU.Build.0 = Release|Any CPU
		{BE5914FE-640F-4876-BB3D-6429262ACACF}.Debug|Any CPU.ActiveCfg = Debug|Any CPU
		{BE5914FE-640F-4876-BB3D-6429262ACACF}.Debug|Any CPU.Build.0 = Debug|Any CPU
		{BE5914FE-640F-4876-BB3D-6429262ACACF}.Local|Any CPU.ActiveCfg = Release|Any CPU
		{BE5914FE-640F-4876-BB3D-6429262ACACF}.Local|Any CPU.Build.0 = Release|Any CPU
		{BE5914FE-640F-4876-BB3D-6429262ACACF}.Release|Any CPU.ActiveCfg = Release|Any CPU
		{BE5914FE-640F-4876-BB3D-6429262ACACF}.Release|Any CPU.Build.0 = Release|Any CPU
	EndGlobalSection
	GlobalSection(SolutionProperties) = preSolution
		HideSolutionNode = FALSE
	EndGlobalSection
	GlobalSection(ExtensibilityGlobals) = postSolution
		SolutionGuid = {8815484F-4CC2-4CB0-8D3C-5EF7D4047B2D}
	EndGlobalSection
EndGlobal
