
Microsoft Visual Studio Solution File, Format Version 12.00
# Visual Studio 15
VisualStudioVersion = 15.0.28010.2046
MinimumVisualStudioVersion = 10.0.40219.1
Project("{FAE04EC0-301F-11D3-BF4B-00C04F79EFBC}") = "VersionUpdater", "src\VersionUpdater\VersionUpdater.csproj", "{FDB4A9A5-CFD9-4050-9660-23F7ADE930EA}"
EndProject
Project("{FAE04EC0-301F-11D3-BF4B-00C04F79EFBC}") = "VersionUpdater.Core", "src\VersionUpdater.Core\VersionUpdater.Core.csproj", "{EF741203-5FC7-441C-94D4-7F6FE8818253}"
EndProject
Project("{FAE04EC0-301F-11D3-BF4B-00C04F79EFBC}") = "VersionUpdater.Tests", "test\VersionUpdater.Tests\VersionUpdater.Tests.csproj", "{DDFF5D84-601D-4DA2-BF93-486B3F871A2A}"
EndProject
Project("{FAE04EC0-301F-11D3-BF4B-00C04F79EFBC}") = "VersionUpdater.Target.Acceptance", "test\VersionUpdater.Target.Acceptance\VersionUpdater.Target.Acceptance.csproj", "{6F37BC72-AD76-4B0C-8D2E-04F9CBDE7804}"
EndProject
Project("{FAE04EC0-301F-11D3-BF4B-00C04F79EFBC}") = "VersionUpdater.Acceptance", "test\VersionUpdater.Acceptance\VersionUpdater.Acceptance.csproj", "{C4273BFF-FE25-43EB-9E59-ECF2D001E392}"
EndProject
Global
	GlobalSection(SolutionConfigurationPlatforms) = preSolution
		Debug|Any CPU = Debug|Any CPU
		Release|Any CPU = Release|Any CPU
	EndGlobalSection
	GlobalSection(ProjectConfigurationPlatforms) = postSolution
		{FDB4A9A5-CFD9-4050-9660-23F7ADE930EA}.Debug|Any CPU.ActiveCfg = Debug|Any CPU
		{FDB4A9A5-CFD9-4050-9660-23F7ADE930EA}.Debug|Any CPU.Build.0 = Debug|Any CPU
		{FDB4A9A5-CFD9-4050-9660-23F7ADE930EA}.Release|Any CPU.ActiveCfg = Release|Any CPU
		{FDB4A9A5-CFD9-4050-9660-23F7ADE930EA}.Release|Any CPU.Build.0 = Release|Any CPU
		{EF741203-5FC7-441C-94D4-7F6FE8818253}.Debug|Any CPU.ActiveCfg = Debug|Any CPU
		{EF741203-5FC7-441C-94D4-7F6FE8818253}.Debug|Any CPU.Build.0 = Debug|Any CPU
		{EF741203-5FC7-441C-94D4-7F6FE8818253}.Release|Any CPU.ActiveCfg = Release|Any CPU
		{EF741203-5FC7-441C-94D4-7F6FE8818253}.Release|Any CPU.Build.0 = Release|Any CPU
		{DDFF5D84-601D-4DA2-BF93-486B3F871A2A}.Debug|Any CPU.ActiveCfg = Debug|Any CPU
		{DDFF5D84-601D-4DA2-BF93-486B3F871A2A}.Debug|Any CPU.Build.0 = Debug|Any CPU
		{DDFF5D84-601D-4DA2-BF93-486B3F871A2A}.Release|Any CPU.ActiveCfg = Release|Any CPU
		{DDFF5D84-601D-4DA2-BF93-486B3F871A2A}.Release|Any CPU.Build.0 = Release|Any CPU
		{6F37BC72-AD76-4B0C-8D2E-04F9CBDE7804}.Debug|Any CPU.ActiveCfg = Debug|Any CPU
		{6F37BC72-AD76-4B0C-8D2E-04F9CBDE7804}.Debug|Any CPU.Build.0 = Debug|Any CPU
		{6F37BC72-AD76-4B0C-8D2E-04F9CBDE7804}.Release|Any CPU.ActiveCfg = Release|Any CPU
		{6F37BC72-AD76-4B0C-8D2E-04F9CBDE7804}.Release|Any CPU.Build.0 = Release|Any CPU
		{C4273BFF-FE25-43EB-9E59-ECF2D001E392}.Debug|Any CPU.ActiveCfg = Debug|Any CPU
		{C4273BFF-FE25-43EB-9E59-ECF2D001E392}.Debug|Any CPU.Build.0 = Debug|Any CPU
		{C4273BFF-FE25-43EB-9E59-ECF2D001E392}.Release|Any CPU.ActiveCfg = Release|Any CPU
		{C4273BFF-FE25-43EB-9E59-ECF2D001E392}.Release|Any CPU.Build.0 = Release|Any CPU
	EndGlobalSection
	GlobalSection(SolutionProperties) = preSolution
		HideSolutionNode = FALSE
	EndGlobalSection
	GlobalSection(ExtensibilityGlobals) = postSolution
		SolutionGuid = {8815484F-4CC2-4CB0-8D3C-5EF7D4047B2D}
	EndGlobalSection
EndGlobal
